
Microsoft Visual Studio Solution File, Format Version 12.00
# Visual Studio Version 16
VisualStudioVersion = 16.0.28803.156
MinimumVisualStudioVersion = 10.0.40219.1
Project("{FAE04EC0-301F-11D3-BF4B-00C04F79EFBC}") = "ChoixResto", "ChoixResto\ChoixResto.csproj", "{6A8019C0-1B2E-4FF5-8494-2E336524CF55}"
EndProject
Project("{FAE04EC0-301F-11D3-BF4B-00C04F79EFBC}") = "ChoixResto.Tests", "ChoixResto.Tests\ChoixResto.Tests.csproj", "{C8A372CF-3BDE-4D4D-89B1-6B40FCA3F727}"
EndProject
Global
	GlobalSection(SolutionConfigurationPlatforms) = preSolution
		Debug|Any CPU = Debug|Any CPU
		Release|Any CPU = Release|Any CPU
	EndGlobalSection
	GlobalSection(ProjectConfigurationPlatforms) = postSolution
		{6A8019C0-1B2E-4FF5-8494-2E336524CF55}.Debug|Any CPU.ActiveCfg = Debug|Any CPU
		{6A8019C0-1B2E-4FF5-8494-2E336524CF55}.Debug|Any CPU.Build.0 = Debug|Any CPU
		{6A8019C0-1B2E-4FF5-8494-2E336524CF55}.Release|Any CPU.ActiveCfg = Release|Any CPU
		{6A8019C0-1B2E-4FF5-8494-2E336524CF55}.Release|Any CPU.Build.0 = Release|Any CPU
		{C8A372CF-3BDE-4D4D-89B1-6B40FCA3F727}.Debug|Any CPU.ActiveCfg = Debug|Any CPU
		{C8A372CF-3BDE-4D4D-89B1-6B40FCA3F727}.Debug|Any CPU.Build.0 = Debug|Any CPU
		{C8A372CF-3BDE-4D4D-89B1-6B40FCA3F727}.Release|Any CPU.ActiveCfg = Release|Any CPU
		{C8A372CF-3BDE-4D4D-89B1-6B40FCA3F727}.Release|Any CPU.Build.0 = Release|Any CPU
	EndGlobalSection
	GlobalSection(SolutionProperties) = preSolution
		HideSolutionNode = FALSE
	EndGlobalSection
	GlobalSection(ExtensibilityGlobals) = postSolution
		SolutionGuid = {876314D6-61A8-492D-8304-3A96751AF198}
	EndGlobalSection
EndGlobal
